// !$*UTF8*$!
{
	archiveVersion = 1;
	classes = {
	};
	objectVersion = 50;
	objects = {

/* Begin PBXBuildFile section */
		3C126905261B7840006B1009 /* ds.pkpass in Resources */ = {isa = PBXBuildFile; fileRef = 3C126903261B7840006B1009 /* ds.pkpass */; };
		3C126906261B7840006B1009 /* event.pkpass in Resources */ = {isa = PBXBuildFile; fileRef = 3C126904261B7840006B1009 /* event.pkpass */; };
		3C12690F261B7BE5006B1009 /* PassView.swift in Sources */ = {isa = PBXBuildFile; fileRef = 3C12690E261B7BE5006B1009 /* PassView.swift */; };
		3C126917261BBCCE006B1009 /* ModifyCertificate.swift in Sources */ = {isa = PBXBuildFile; fileRef = 3C126916261BBCCE006B1009 /* ModifyCertificate.swift */; };
		3C462E222641B61A00D02821 /* ShowQRView.swift in Sources */ = {isa = PBXBuildFile; fileRef = 3C462E212641B61A00D02821 /* ShowQRView.swift */; };
		3C56B72C2621889B0051E1CB /* TeststationSettings.swift in Sources */ = {isa = PBXBuildFile; fileRef = 3C56B72B2621889B0051E1CB /* TeststationSettings.swift */; };
		3C56B73126218A020051E1CB /* TeststationState.swift in Sources */ = {isa = PBXBuildFile; fileRef = 3C56B73026218A020051E1CB /* TeststationState.swift */; };
		3C56B73726218AD40051E1CB /* CertificateList.swift in Sources */ = {isa = PBXBuildFile; fileRef = 3C56B73526218AD40051E1CB /* CertificateList.swift */; };
		3C56B73826218AD40051E1CB /* LoginView.swift in Sources */ = {isa = PBXBuildFile; fileRef = 3C56B73626218AD40051E1CB /* LoginView.swift */; };
		3C56B73D2621BAA20051E1CB /* TeststationError.swift in Sources */ = {isa = PBXBuildFile; fileRef = 3C56B73C2621BAA20051E1CB /* TeststationError.swift */; };
		3C56B7432621BD7C0051E1CB /* ContagioAPI.swift in Sources */ = {isa = PBXBuildFile; fileRef = 3C56B7422621BD7C0051E1CB /* ContagioAPI.swift */; };
		3C56B74B2621BEA60051E1CB /* PassInfo.swift in Sources */ = {isa = PBXBuildFile; fileRef = 3C56B74A2621BEA60051E1CB /* PassInfo.swift */; };
		3C56B7502621CF270051E1CB /* DateFormatter+Extension.swift in Sources */ = {isa = PBXBuildFile; fileRef = 3C56B74F2621CF270051E1CB /* DateFormatter+Extension.swift */; };
		3C56B7552621DE450051E1CB /* CreatePassRequest.swift in Sources */ = {isa = PBXBuildFile; fileRef = 3C56B7542621DE450051E1CB /* CreatePassRequest.swift */; };
		3C62596A261A6A8600098A9A /* InfoPlist.strings in Resources */ = {isa = PBXBuildFile; fileRef = 3C62596C261A6A8600098A9A /* InfoPlist.strings */; };
		3C7DB458261B366B00DA85C2 /* UIImage+Extension.swift in Sources */ = {isa = PBXBuildFile; fileRef = 3C7DB457261B366B00DA85C2 /* UIImage+Extension.swift */; };
		3C92CF652617018B002B5284 /* AppDelegate.swift in Sources */ = {isa = PBXBuildFile; fileRef = 3C92CF642617018B002B5284 /* AppDelegate.swift */; };
		3C92CF672617018B002B5284 /* SceneDelegate.swift in Sources */ = {isa = PBXBuildFile; fileRef = 3C92CF662617018B002B5284 /* SceneDelegate.swift */; };
		3C92CF692617018B002B5284 /* ContentView.swift in Sources */ = {isa = PBXBuildFile; fileRef = 3C92CF682617018B002B5284 /* ContentView.swift */; };
		3C92CF6C2617018B002B5284 /* Teststation.xcdatamodeld in Sources */ = {isa = PBXBuildFile; fileRef = 3C92CF6A2617018B002B5284 /* Teststation.xcdatamodeld */; };
		3C92CF6E2617018C002B5284 /* Assets.xcassets in Resources */ = {isa = PBXBuildFile; fileRef = 3C92CF6D2617018C002B5284 /* Assets.xcassets */; };
		3C92CF712617018C002B5284 /* Preview Assets.xcassets in Resources */ = {isa = PBXBuildFile; fileRef = 3C92CF702617018C002B5284 /* Preview Assets.xcassets */; };
		3C92CF742617018C002B5284 /* LaunchScreen.storyboard in Resources */ = {isa = PBXBuildFile; fileRef = 3C92CF722617018C002B5284 /* LaunchScreen.storyboard */; };
		3C92CF7F2617018C002B5284 /* TeststationTests.swift in Sources */ = {isa = PBXBuildFile; fileRef = 3C92CF7E2617018C002B5284 /* TeststationTests.swift */; };
		3C92CF8A2617018C002B5284 /* TeststationUITests.swift in Sources */ = {isa = PBXBuildFile; fileRef = 3C92CF892617018C002B5284 /* TeststationUITests.swift */; };
		3C92CFEB261734FF002B5284 /* Certificate.swift in Sources */ = {isa = PBXBuildFile; fileRef = 3C92CFEA261734FF002B5284 /* Certificate.swift */; };
		3C92CFF32618581E002B5284 /* CertificateRow.swift in Sources */ = {isa = PBXBuildFile; fileRef = 3C92CFF22618581E002B5284 /* CertificateRow.swift */; };
		3C9507382618755E00662EB1 /* Localizable.strings in Resources */ = {isa = PBXBuildFile; fileRef = 3C95073A2618755E00662EB1 /* Localizable.strings */; };
		3C9507432618B01A00662EB1 /* AddCertificate.swift in Sources */ = {isa = PBXBuildFile; fileRef = 3C9507422618B01A00662EB1 /* AddCertificate.swift */; };
		3C9689392619CD2E009CAA6C /* ImagePicker.swift in Sources */ = {isa = PBXBuildFile; fileRef = 3C9689382619CD2E009CAA6C /* ImagePicker.swift */; };
		3C9FEA0E262C8BC9007F7121 /* MessageView.swift in Sources */ = {isa = PBXBuildFile; fileRef = 3C9FEA0D262C8BC9007F7121 /* MessageView.swift */; };
		3CAD0E78262762BE00F74719 /* String+Extension.swift in Sources */ = {isa = PBXBuildFile; fileRef = 3CAD0E77262762BE00F74719 /* String+Extension.swift */; };
		3CB2FE5C261E529F002F87B5 /* NSManagedObjectContext+Extension.swift in Sources */ = {isa = PBXBuildFile; fileRef = 3CB2FE5B261E529F002F87B5 /* NSManagedObjectContext+Extension.swift */; };
		3CB2FE61261E5599002F87B5 /* ViewModels.swift in Sources */ = {isa = PBXBuildFile; fileRef = 3CB2FE60261E5599002F87B5 /* ViewModels.swift */; };
		3CB3463526372C1E0004CB87 /* EnvConfig.swift in Sources */ = {isa = PBXBuildFile; fileRef = 3CB3463426372C1E0004CB87 /* EnvConfig.swift */; };
		3CC20907261B3CD30012520B /* Picture.swift in Sources */ = {isa = PBXBuildFile; fileRef = 3CC20906261B3CD30012520B /* Picture.swift */; };
		3CCAF195261D073400B9136F /* TeststationEngine.swift in Sources */ = {isa = PBXBuildFile; fileRef = 3CCAF194261D073400B9136F /* TeststationEngine.swift */; };
		3CE47191262CCF1800C3E97C /* PassLoaderService.swift in Sources */ = {isa = PBXBuildFile; fileRef = 3CE47190262CCF1800C3E97C /* PassLoaderService.swift */; };
		3CE47196262CD92900C3E97C /* UpdatePassRequest.swift in Sources */ = {isa = PBXBuildFile; fileRef = 3CE47195262CD92900C3E97C /* UpdatePassRequest.swift */; };
/* End PBXBuildFile section */

/* Begin PBXContainerItemProxy section */
		3C92CF7B2617018C002B5284 /* PBXContainerItemProxy */ = {
			isa = PBXContainerItemProxy;
			containerPortal = 3C92CF592617018B002B5284 /* Project object */;
			proxyType = 1;
			remoteGlobalIDString = 3C92CF602617018B002B5284;
			remoteInfo = Teststation;
		};
		3C92CF862617018C002B5284 /* PBXContainerItemProxy */ = {
			isa = PBXContainerItemProxy;
			containerPortal = 3C92CF592617018B002B5284 /* Project object */;
			proxyType = 1;
			remoteGlobalIDString = 3C92CF602617018B002B5284;
			remoteInfo = Teststation;
		};
/* End PBXContainerItemProxy section */

/* Begin PBXFileReference section */
		3C126903261B7840006B1009 /* ds.pkpass */ = {isa = PBXFileReference; lastKnownFileType = file; path = ds.pkpass; sourceTree = "<group>"; };
		3C126904261B7840006B1009 /* event.pkpass */ = {isa = PBXFileReference; lastKnownFileType = file; path = event.pkpass; sourceTree = "<group>"; };
		3C12690E261B7BE5006B1009 /* PassView.swift */ = {isa = PBXFileReference; fileEncoding = 4; lastKnownFileType = sourcecode.swift; path = PassView.swift; sourceTree = "<group>"; };
		3C126916261BBCCE006B1009 /* ModifyCertificate.swift */ = {isa = PBXFileReference; fileEncoding = 4; lastKnownFileType = sourcecode.swift; path = ModifyCertificate.swift; sourceTree = "<group>"; };
		3C462E212641B61A00D02821 /* ShowQRView.swift */ = {isa = PBXFileReference; fileEncoding = 4; lastKnownFileType = sourcecode.swift; path = ShowQRView.swift; sourceTree = "<group>"; };
		3C56B72B2621889B0051E1CB /* TeststationSettings.swift */ = {isa = PBXFileReference; lastKnownFileType = sourcecode.swift; path = TeststationSettings.swift; sourceTree = "<group>"; };
		3C56B73026218A020051E1CB /* TeststationState.swift */ = {isa = PBXFileReference; lastKnownFileType = sourcecode.swift; path = TeststationState.swift; sourceTree = "<group>"; };
		3C56B73526218AD40051E1CB /* CertificateList.swift */ = {isa = PBXFileReference; fileEncoding = 4; lastKnownFileType = sourcecode.swift; path = CertificateList.swift; sourceTree = "<group>"; };
		3C56B73626218AD40051E1CB /* LoginView.swift */ = {isa = PBXFileReference; fileEncoding = 4; lastKnownFileType = sourcecode.swift; path = LoginView.swift; sourceTree = "<group>"; };
		3C56B73C2621BAA20051E1CB /* TeststationError.swift */ = {isa = PBXFileReference; lastKnownFileType = sourcecode.swift; path = TeststationError.swift; sourceTree = "<group>"; };
		3C56B7422621BD7C0051E1CB /* ContagioAPI.swift */ = {isa = PBXFileReference; lastKnownFileType = sourcecode.swift; path = ContagioAPI.swift; sourceTree = "<group>"; };
		3C56B74A2621BEA60051E1CB /* PassInfo.swift */ = {isa = PBXFileReference; lastKnownFileType = sourcecode.swift; path = PassInfo.swift; sourceTree = "<group>"; };
		3C56B74F2621CF270051E1CB /* DateFormatter+Extension.swift */ = {isa = PBXFileReference; lastKnownFileType = sourcecode.swift; path = "DateFormatter+Extension.swift"; sourceTree = "<group>"; };
		3C56B7542621DE450051E1CB /* CreatePassRequest.swift */ = {isa = PBXFileReference; lastKnownFileType = sourcecode.swift; path = CreatePassRequest.swift; sourceTree = "<group>"; };
		3C62595B261A66DB00098A9A /* Teststation.entitlements */ = {isa = PBXFileReference; lastKnownFileType = text.plist.entitlements; path = Teststation.entitlements; sourceTree = "<group>"; };
		3C62596B261A6A8600098A9A /* en */ = {isa = PBXFileReference; lastKnownFileType = text.plist.strings; name = en; path = en.lproj/InfoPlist.strings; sourceTree = "<group>"; };
		3C625970261A6A8F00098A9A /* de */ = {isa = PBXFileReference; lastKnownFileType = text.plist.strings; name = de; path = de.lproj/InfoPlist.strings; sourceTree = "<group>"; };
		3C7DB457261B366B00DA85C2 /* UIImage+Extension.swift */ = {isa = PBXFileReference; lastKnownFileType = sourcecode.swift; path = "UIImage+Extension.swift"; sourceTree = "<group>"; };
		3C92CF612617018B002B5284 /* Teststation.app */ = {isa = PBXFileReference; explicitFileType = wrapper.application; includeInIndex = 0; path = Teststation.app; sourceTree = BUILT_PRODUCTS_DIR; };
		3C92CF642617018B002B5284 /* AppDelegate.swift */ = {isa = PBXFileReference; lastKnownFileType = sourcecode.swift; path = AppDelegate.swift; sourceTree = "<group>"; };
		3C92CF662617018B002B5284 /* SceneDelegate.swift */ = {isa = PBXFileReference; lastKnownFileType = sourcecode.swift; path = SceneDelegate.swift; sourceTree = "<group>"; };
		3C92CF682617018B002B5284 /* ContentView.swift */ = {isa = PBXFileReference; lastKnownFileType = sourcecode.swift; path = ContentView.swift; sourceTree = "<group>"; };
		3C92CF6B2617018B002B5284 /* Teststation.xcdatamodel */ = {isa = PBXFileReference; lastKnownFileType = wrapper.xcdatamodel; path = Teststation.xcdatamodel; sourceTree = "<group>"; };
		3C92CF6D2617018C002B5284 /* Assets.xcassets */ = {isa = PBXFileReference; lastKnownFileType = folder.assetcatalog; path = Assets.xcassets; sourceTree = "<group>"; };
		3C92CF702617018C002B5284 /* Preview Assets.xcassets */ = {isa = PBXFileReference; lastKnownFileType = folder.assetcatalog; path = "Preview Assets.xcassets"; sourceTree = "<group>"; };
		3C92CF732617018C002B5284 /* Base */ = {isa = PBXFileReference; lastKnownFileType = file.storyboard; name = Base; path = Base.lproj/LaunchScreen.storyboard; sourceTree = "<group>"; };
		3C92CF752617018C002B5284 /* Info.plist */ = {isa = PBXFileReference; lastKnownFileType = text.plist.xml; path = Info.plist; sourceTree = "<group>"; };
		3C92CF7A2617018C002B5284 /* TeststationTests.xctest */ = {isa = PBXFileReference; explicitFileType = wrapper.cfbundle; includeInIndex = 0; path = TeststationTests.xctest; sourceTree = BUILT_PRODUCTS_DIR; };
		3C92CF7E2617018C002B5284 /* TeststationTests.swift */ = {isa = PBXFileReference; lastKnownFileType = sourcecode.swift; path = TeststationTests.swift; sourceTree = "<group>"; };
		3C92CF802617018C002B5284 /* Info.plist */ = {isa = PBXFileReference; lastKnownFileType = text.plist.xml; path = Info.plist; sourceTree = "<group>"; };
		3C92CF852617018C002B5284 /* TeststationUITests.xctest */ = {isa = PBXFileReference; explicitFileType = wrapper.cfbundle; includeInIndex = 0; path = TeststationUITests.xctest; sourceTree = BUILT_PRODUCTS_DIR; };
		3C92CF892617018C002B5284 /* TeststationUITests.swift */ = {isa = PBXFileReference; lastKnownFileType = sourcecode.swift; path = TeststationUITests.swift; sourceTree = "<group>"; };
		3C92CF8B2617018C002B5284 /* Info.plist */ = {isa = PBXFileReference; lastKnownFileType = text.plist.xml; path = Info.plist; sourceTree = "<group>"; };
		3C92CFEA261734FF002B5284 /* Certificate.swift */ = {isa = PBXFileReference; lastKnownFileType = sourcecode.swift; path = Certificate.swift; sourceTree = "<group>"; };
		3C92CFF22618581E002B5284 /* CertificateRow.swift */ = {isa = PBXFileReference; lastKnownFileType = sourcecode.swift; path = CertificateRow.swift; sourceTree = "<group>"; };
		3C9506FC26186FC500662EB1 /* de */ = {isa = PBXFileReference; lastKnownFileType = text.plist.strings; name = de; path = de.lproj/LaunchScreen.strings; sourceTree = "<group>"; };
		3C9507392618755E00662EB1 /* en */ = {isa = PBXFileReference; lastKnownFileType = text.plist.strings; name = en; path = en.lproj/Localizable.strings; sourceTree = "<group>"; };
		3C95073E2618756700662EB1 /* de */ = {isa = PBXFileReference; lastKnownFileType = text.plist.strings; name = de; path = de.lproj/Localizable.strings; sourceTree = "<group>"; };
		3C9507422618B01A00662EB1 /* AddCertificate.swift */ = {isa = PBXFileReference; lastKnownFileType = sourcecode.swift; path = AddCertificate.swift; sourceTree = "<group>"; };
		3C9689382619CD2E009CAA6C /* ImagePicker.swift */ = {isa = PBXFileReference; lastKnownFileType = sourcecode.swift; path = ImagePicker.swift; sourceTree = "<group>"; };
		3C9FEA0D262C8BC9007F7121 /* MessageView.swift */ = {isa = PBXFileReference; fileEncoding = 4; lastKnownFileType = sourcecode.swift; path = MessageView.swift; sourceTree = "<group>"; };
		3CAD0E77262762BE00F74719 /* String+Extension.swift */ = {isa = PBXFileReference; lastKnownFileType = sourcecode.swift; path = "String+Extension.swift"; sourceTree = "<group>"; };
		3CB2FE5B261E529F002F87B5 /* NSManagedObjectContext+Extension.swift */ = {isa = PBXFileReference; lastKnownFileType = sourcecode.swift; path = "NSManagedObjectContext+Extension.swift"; sourceTree = "<group>"; };
		3CB2FE60261E5599002F87B5 /* ViewModels.swift */ = {isa = PBXFileReference; lastKnownFileType = sourcecode.swift; path = ViewModels.swift; sourceTree = "<group>"; };
		3CB34623263729F70004CB87 /* Dev.xcconfig */ = {isa = PBXFileReference; lastKnownFileType = text.xcconfig; path = Dev.xcconfig; sourceTree = "<group>"; };
		3CB3462426372A4B0004CB87 /* Stage.xcconfig */ = {isa = PBXFileReference; lastKnownFileType = text.xcconfig; path = Stage.xcconfig; sourceTree = "<group>"; };
		3CB3463426372C1E0004CB87 /* EnvConfig.swift */ = {isa = PBXFileReference; lastKnownFileType = sourcecode.swift; path = EnvConfig.swift; sourceTree = "<group>"; };
		3CC20906261B3CD30012520B /* Picture.swift */ = {isa = PBXFileReference; lastKnownFileType = sourcecode.swift; path = Picture.swift; sourceTree = "<group>"; };
		3CCAF194261D073400B9136F /* TeststationEngine.swift */ = {isa = PBXFileReference; lastKnownFileType = sourcecode.swift; path = TeststationEngine.swift; sourceTree = "<group>"; };
		3CE47190262CCF1800C3E97C /* PassLoaderService.swift */ = {isa = PBXFileReference; lastKnownFileType = sourcecode.swift; path = PassLoaderService.swift; sourceTree = "<group>"; };
		3CE47195262CD92900C3E97C /* UpdatePassRequest.swift */ = {isa = PBXFileReference; lastKnownFileType = sourcecode.swift; path = UpdatePassRequest.swift; sourceTree = "<group>"; };
/* End PBXFileReference section */

/* Begin PBXFrameworksBuildPhase section */
		3C92CF5E2617018B002B5284 /* Frameworks */ = {
			isa = PBXFrameworksBuildPhase;
			buildActionMask = 2147483647;
			files = (
			);
			runOnlyForDeploymentPostprocessing = 0;
		};
		3C92CF772617018C002B5284 /* Frameworks */ = {
			isa = PBXFrameworksBuildPhase;
			buildActionMask = 2147483647;
			files = (
			);
			runOnlyForDeploymentPostprocessing = 0;
		};
		3C92CF822617018C002B5284 /* Frameworks */ = {
			isa = PBXFrameworksBuildPhase;
			buildActionMask = 2147483647;
			files = (
			);
			runOnlyForDeploymentPostprocessing = 0;
		};
/* End PBXFrameworksBuildPhase section */

/* Begin PBXGroup section */
		3C12690A261B7866006B1009 /* Resources */ = {
			isa = PBXGroup;
			children = (
				3C126903261B7840006B1009 /* ds.pkpass */,
				3C126904261B7840006B1009 /* event.pkpass */,
			);
			name = Resources;
			sourceTree = "<group>";
		};
		3C56B7412621BD540051E1CB /* Network */ = {
			isa = PBXGroup;
			children = (
				3C56B7422621BD7C0051E1CB /* ContagioAPI.swift */,
				3CE47190262CCF1800C3E97C /* PassLoaderService.swift */,
			);
			path = Network;
			sourceTree = "<group>";
		};
		3C7DB456261B364D00DA85C2 /* Util */ = {
			isa = PBXGroup;
			children = (
				3C7DB457261B366B00DA85C2 /* UIImage+Extension.swift */,
				3C56B74F2621CF270051E1CB /* DateFormatter+Extension.swift */,
				3CAD0E77262762BE00F74719 /* String+Extension.swift */,
			);
			path = Util;
			sourceTree = "<group>";
		};
		3C92CF582617018B002B5284 = {
			isa = PBXGroup;
			children = (
				3C92CF632617018B002B5284 /* Teststation */,
				3C92CF7D2617018C002B5284 /* TeststationTests */,
				3C92CF882617018C002B5284 /* TeststationUITests */,
				3C92CF622617018B002B5284 /* Products */,
			);
			sourceTree = "<group>";
		};
		3C92CF622617018B002B5284 /* Products */ = {
			isa = PBXGroup;
			children = (
				3C92CF612617018B002B5284 /* Teststation.app */,
				3C92CF7A2617018C002B5284 /* TeststationTests.xctest */,
				3C92CF852617018C002B5284 /* TeststationUITests.xctest */,
			);
			name = Products;
			sourceTree = "<group>";
		};
		3C92CF632617018B002B5284 /* Teststation */ = {
			isa = PBXGroup;
			children = (
				3CB3461A263729B20004CB87 /* Config */,
				3C56B7412621BD540051E1CB /* Network */,
				3C12690A261B7866006B1009 /* Resources */,
				3C7DB456261B364D00DA85C2 /* Util */,
				3C62595B261A66DB00098A9A /* Teststation.entitlements */,
				3C92CFF826185B8F002B5284 /* UI */,
				3C92CFF726185B76002B5284 /* Model */,
				3C92CF642617018B002B5284 /* AppDelegate.swift */,
				3C92CF662617018B002B5284 /* SceneDelegate.swift */,
				3C92CF6D2617018C002B5284 /* Assets.xcassets */,
				3C92CF722617018C002B5284 /* LaunchScreen.storyboard */,
				3C92CF6F2617018C002B5284 /* Preview Content */,
				3C95073A2618755E00662EB1 /* Localizable.strings */,
				3C62596C261A6A8600098A9A /* InfoPlist.strings */,
				3CCAF194261D073400B9136F /* TeststationEngine.swift */,
				3CB3463426372C1E0004CB87 /* EnvConfig.swift */,
			);
			path = Teststation;
			sourceTree = "<group>";
		};
		3C92CF6F2617018C002B5284 /* Preview Content */ = {
			isa = PBXGroup;
			children = (
				3C92CF702617018C002B5284 /* Preview Assets.xcassets */,
			);
			path = "Preview Content";
			sourceTree = "<group>";
		};
		3C92CF7D2617018C002B5284 /* TeststationTests */ = {
			isa = PBXGroup;
			children = (
				3C92CF7E2617018C002B5284 /* TeststationTests.swift */,
				3C92CF802617018C002B5284 /* Info.plist */,
			);
			path = TeststationTests;
			sourceTree = "<group>";
		};
		3C92CF882617018C002B5284 /* TeststationUITests */ = {
			isa = PBXGroup;
			children = (
				3C92CF892617018C002B5284 /* TeststationUITests.swift */,
				3C92CF8B2617018C002B5284 /* Info.plist */,
			);
			path = TeststationUITests;
			sourceTree = "<group>";
		};
		3C92CFF726185B76002B5284 /* Model */ = {
			isa = PBXGroup;
			children = (
				3C92CF6A2617018B002B5284 /* Teststation.xcdatamodeld */,
				3C92CFEA261734FF002B5284 /* Certificate.swift */,
				3CC20906261B3CD30012520B /* Picture.swift */,
				3CB2FE5B261E529F002F87B5 /* NSManagedObjectContext+Extension.swift */,
				3CB2FE60261E5599002F87B5 /* ViewModels.swift */,
				3C56B72B2621889B0051E1CB /* TeststationSettings.swift */,
				3C56B73026218A020051E1CB /* TeststationState.swift */,
				3C56B73C2621BAA20051E1CB /* TeststationError.swift */,
				3C56B74A2621BEA60051E1CB /* PassInfo.swift */,
				3C56B7542621DE450051E1CB /* CreatePassRequest.swift */,
				3CE47195262CD92900C3E97C /* UpdatePassRequest.swift */,
			);
			path = Model;
			sourceTree = "<group>";
		};
		3C92CFF826185B8F002B5284 /* UI */ = {
			isa = PBXGroup;
			children = (
				3C462E212641B61A00D02821 /* ShowQRView.swift */,
				3C9FEA0D262C8BC9007F7121 /* MessageView.swift */,
				3C56B73526218AD40051E1CB /* CertificateList.swift */,
				3C56B73626218AD40051E1CB /* LoginView.swift */,
				3C126916261BBCCE006B1009 /* ModifyCertificate.swift */,
				3C12690E261B7BE5006B1009 /* PassView.swift */,
				3C92CF682617018B002B5284 /* ContentView.swift */,
				3C92CFF22618581E002B5284 /* CertificateRow.swift */,
				3C9507422618B01A00662EB1 /* AddCertificate.swift */,
				3C9689382619CD2E009CAA6C /* ImagePicker.swift */,
			);
			path = UI;
			sourceTree = "<group>";
		};
		3CB3461A263729B20004CB87 /* Config */ = {
			isa = PBXGroup;
			children = (
				3C92CF752617018C002B5284 /* Info.plist */,
				3CB34623263729F70004CB87 /* Dev.xcconfig */,
				3CB3462426372A4B0004CB87 /* Stage.xcconfig */,
			);
			name = Config;
			sourceTree = "<group>";
		};
/* End PBXGroup section */

/* Begin PBXNativeTarget section */
		3C92CF602617018B002B5284 /* Teststation */ = {
			isa = PBXNativeTarget;
			buildConfigurationList = 3C92CF8E2617018C002B5284 /* Build configuration list for PBXNativeTarget "Teststation" */;
			buildPhases = (
				3C92CF5D2617018B002B5284 /* Sources */,
				3C92CF5E2617018B002B5284 /* Frameworks */,
				3C92CF5F2617018B002B5284 /* Resources */,
			);
			buildRules = (
			);
			dependencies = (
			);
			name = Teststation;
			productName = Teststation;
			productReference = 3C92CF612617018B002B5284 /* Teststation.app */;
			productType = "com.apple.product-type.application";
		};
		3C92CF792617018C002B5284 /* TeststationTests */ = {
			isa = PBXNativeTarget;
			buildConfigurationList = 3C92CF912617018C002B5284 /* Build configuration list for PBXNativeTarget "TeststationTests" */;
			buildPhases = (
				3C92CF762617018C002B5284 /* Sources */,
				3C92CF772617018C002B5284 /* Frameworks */,
				3C92CF782617018C002B5284 /* Resources */,
			);
			buildRules = (
			);
			dependencies = (
				3C92CF7C2617018C002B5284 /* PBXTargetDependency */,
			);
			name = TeststationTests;
			productName = TeststationTests;
			productReference = 3C92CF7A2617018C002B5284 /* TeststationTests.xctest */;
			productType = "com.apple.product-type.bundle.unit-test";
		};
		3C92CF842617018C002B5284 /* TeststationUITests */ = {
			isa = PBXNativeTarget;
			buildConfigurationList = 3C92CF942617018C002B5284 /* Build configuration list for PBXNativeTarget "TeststationUITests" */;
			buildPhases = (
				3C92CF812617018C002B5284 /* Sources */,
				3C92CF822617018C002B5284 /* Frameworks */,
				3C92CF832617018C002B5284 /* Resources */,
			);
			buildRules = (
			);
			dependencies = (
				3C92CF872617018C002B5284 /* PBXTargetDependency */,
			);
			name = TeststationUITests;
			productName = TeststationUITests;
			productReference = 3C92CF852617018C002B5284 /* TeststationUITests.xctest */;
			productType = "com.apple.product-type.bundle.ui-testing";
		};
/* End PBXNativeTarget section */

/* Begin PBXProject section */
		3C92CF592617018B002B5284 /* Project object */ = {
			isa = PBXProject;
			attributes = {
				LastSwiftUpdateCheck = 1240;
				LastUpgradeCheck = 1240;
				TargetAttributes = {
					3C92CF602617018B002B5284 = {
						CreatedOnToolsVersion = 12.4;
					};
					3C92CF792617018C002B5284 = {
						CreatedOnToolsVersion = 12.4;
						TestTargetID = 3C92CF602617018B002B5284;
					};
					3C92CF842617018C002B5284 = {
						CreatedOnToolsVersion = 12.4;
						TestTargetID = 3C92CF602617018B002B5284;
					};
				};
			};
			buildConfigurationList = 3C92CF5C2617018B002B5284 /* Build configuration list for PBXProject "Teststation" */;
			compatibilityVersion = "Xcode 9.3";
			developmentRegion = en;
			hasScannedForEncodings = 0;
			knownRegions = (
				en,
				Base,
				de,
			);
			mainGroup = 3C92CF582617018B002B5284;
			productRefGroup = 3C92CF622617018B002B5284 /* Products */;
			projectDirPath = "";
			projectRoot = "";
			targets = (
				3C92CF602617018B002B5284 /* Teststation */,
				3C92CF792617018C002B5284 /* TeststationTests */,
				3C92CF842617018C002B5284 /* TeststationUITests */,
			);
		};
/* End PBXProject section */

/* Begin PBXResourcesBuildPhase section */
		3C92CF5F2617018B002B5284 /* Resources */ = {
			isa = PBXResourcesBuildPhase;
			buildActionMask = 2147483647;
			files = (
				3C92CF742617018C002B5284 /* LaunchScreen.storyboard in Resources */,
				3C9507382618755E00662EB1 /* Localizable.strings in Resources */,
				3C126905261B7840006B1009 /* ds.pkpass in Resources */,
				3C126906261B7840006B1009 /* event.pkpass in Resources */,
				3C92CF712617018C002B5284 /* Preview Assets.xcassets in Resources */,
				3C92CF6E2617018C002B5284 /* Assets.xcassets in Resources */,
				3C62596A261A6A8600098A9A /* InfoPlist.strings in Resources */,
			);
			runOnlyForDeploymentPostprocessing = 0;
		};
		3C92CF782617018C002B5284 /* Resources */ = {
			isa = PBXResourcesBuildPhase;
			buildActionMask = 2147483647;
			files = (
			);
			runOnlyForDeploymentPostprocessing = 0;
		};
		3C92CF832617018C002B5284 /* Resources */ = {
			isa = PBXResourcesBuildPhase;
			buildActionMask = 2147483647;
			files = (
			);
			runOnlyForDeploymentPostprocessing = 0;
		};
/* End PBXResourcesBuildPhase section */

/* Begin PBXSourcesBuildPhase section */
		3C92CF5D2617018B002B5284 /* Sources */ = {
			isa = PBXSourcesBuildPhase;
			buildActionMask = 2147483647;
			files = (
				3C92CF652617018B002B5284 /* AppDelegate.swift in Sources */,
				3C92CF672617018B002B5284 /* SceneDelegate.swift in Sources */,
				3CB3463526372C1E0004CB87 /* EnvConfig.swift in Sources */,
				3CCAF195261D073400B9136F /* TeststationEngine.swift in Sources */,
				3C92CF6C2617018B002B5284 /* Teststation.xcdatamodeld in Sources */,
				3CC20907261B3CD30012520B /* Picture.swift in Sources */,
				3CB2FE5C261E529F002F87B5 /* NSManagedObjectContext+Extension.swift in Sources */,
				3C56B7502621CF270051E1CB /* DateFormatter+Extension.swift in Sources */,
				3C9689392619CD2E009CAA6C /* ImagePicker.swift in Sources */,
				3CAD0E78262762BE00F74719 /* String+Extension.swift in Sources */,
				3C56B73726218AD40051E1CB /* CertificateList.swift in Sources */,
				3C56B72C2621889B0051E1CB /* TeststationSettings.swift in Sources */,
				3C9507432618B01A00662EB1 /* AddCertificate.swift in Sources */,
				3C126917261BBCCE006B1009 /* ModifyCertificate.swift in Sources */,
				3CE47196262CD92900C3E97C /* UpdatePassRequest.swift in Sources */,
				3C12690F261B7BE5006B1009 /* PassView.swift in Sources */,
				3C56B7552621DE450051E1CB /* CreatePassRequest.swift in Sources */,
				3C56B74B2621BEA60051E1CB /* PassInfo.swift in Sources */,
				3C92CFF32618581E002B5284 /* CertificateRow.swift in Sources */,
				3C56B73126218A020051E1CB /* TeststationState.swift in Sources */,
				3C462E222641B61A00D02821 /* ShowQRView.swift in Sources */,
				3C9FEA0E262C8BC9007F7121 /* MessageView.swift in Sources */,
				3C7DB458261B366B00DA85C2 /* UIImage+Extension.swift in Sources */,
				3CB2FE61261E5599002F87B5 /* ViewModels.swift in Sources */,
				3C56B73826218AD40051E1CB /* LoginView.swift in Sources */,
				3C56B7432621BD7C0051E1CB /* ContagioAPI.swift in Sources */,
				3C56B73D2621BAA20051E1CB /* TeststationError.swift in Sources */,
				3CE47191262CCF1800C3E97C /* PassLoaderService.swift in Sources */,
				3C92CF692617018B002B5284 /* ContentView.swift in Sources */,
				3C92CFEB261734FF002B5284 /* Certificate.swift in Sources */,
			);
			runOnlyForDeploymentPostprocessing = 0;
		};
		3C92CF762617018C002B5284 /* Sources */ = {
			isa = PBXSourcesBuildPhase;
			buildActionMask = 2147483647;
			files = (
				3C92CF7F2617018C002B5284 /* TeststationTests.swift in Sources */,
			);
			runOnlyForDeploymentPostprocessing = 0;
		};
		3C92CF812617018C002B5284 /* Sources */ = {
			isa = PBXSourcesBuildPhase;
			buildActionMask = 2147483647;
			files = (
				3C92CF8A2617018C002B5284 /* TeststationUITests.swift in Sources */,
			);
			runOnlyForDeploymentPostprocessing = 0;
		};
/* End PBXSourcesBuildPhase section */

/* Begin PBXTargetDependency section */
		3C92CF7C2617018C002B5284 /* PBXTargetDependency */ = {
			isa = PBXTargetDependency;
			target = 3C92CF602617018B002B5284 /* Teststation */;
			targetProxy = 3C92CF7B2617018C002B5284 /* PBXContainerItemProxy */;
		};
		3C92CF872617018C002B5284 /* PBXTargetDependency */ = {
			isa = PBXTargetDependency;
			target = 3C92CF602617018B002B5284 /* Teststation */;
			targetProxy = 3C92CF862617018C002B5284 /* PBXContainerItemProxy */;
		};
/* End PBXTargetDependency section */

/* Begin PBXVariantGroup section */
		3C62596C261A6A8600098A9A /* InfoPlist.strings */ = {
			isa = PBXVariantGroup;
			children = (
				3C62596B261A6A8600098A9A /* en */,
				3C625970261A6A8F00098A9A /* de */,
			);
			name = InfoPlist.strings;
			sourceTree = "<group>";
		};
		3C92CF722617018C002B5284 /* LaunchScreen.storyboard */ = {
			isa = PBXVariantGroup;
			children = (
				3C92CF732617018C002B5284 /* Base */,
				3C9506FC26186FC500662EB1 /* de */,
			);
			name = LaunchScreen.storyboard;
			sourceTree = "<group>";
		};
		3C95073A2618755E00662EB1 /* Localizable.strings */ = {
			isa = PBXVariantGroup;
			children = (
				3C9507392618755E00662EB1 /* en */,
				3C95073E2618756700662EB1 /* de */,
			);
			name = Localizable.strings;
			sourceTree = "<group>";
		};
/* End PBXVariantGroup section */

/* Begin XCBuildConfiguration section */
		3C92CF8C2617018C002B5284 /* Debug (dev) */ = {
			isa = XCBuildConfiguration;
			buildSettings = {
				ALWAYS_SEARCH_USER_PATHS = NO;
				CLANG_ANALYZER_LOCALIZABILITY_NONLOCALIZED = YES;
				CLANG_ANALYZER_NONNULL = YES;
				CLANG_ANALYZER_NUMBER_OBJECT_CONVERSION = YES_AGGRESSIVE;
				CLANG_CXX_LANGUAGE_STANDARD = "gnu++14";
				CLANG_CXX_LIBRARY = "libc++";
				CLANG_ENABLE_MODULES = YES;
				CLANG_ENABLE_OBJC_ARC = YES;
				CLANG_ENABLE_OBJC_WEAK = YES;
				CLANG_WARN_BLOCK_CAPTURE_AUTORELEASING = YES;
				CLANG_WARN_BOOL_CONVERSION = YES;
				CLANG_WARN_COMMA = YES;
				CLANG_WARN_CONSTANT_CONVERSION = YES;
				CLANG_WARN_DEPRECATED_OBJC_IMPLEMENTATIONS = YES;
				CLANG_WARN_DIRECT_OBJC_ISA_USAGE = YES_ERROR;
				CLANG_WARN_DOCUMENTATION_COMMENTS = YES;
				CLANG_WARN_EMPTY_BODY = YES;
				CLANG_WARN_ENUM_CONVERSION = YES;
				CLANG_WARN_INFINITE_RECURSION = YES;
				CLANG_WARN_INT_CONVERSION = YES;
				CLANG_WARN_NON_LITERAL_NULL_CONVERSION = YES;
				CLANG_WARN_OBJC_IMPLICIT_RETAIN_SELF = YES;
				CLANG_WARN_OBJC_LITERAL_CONVERSION = YES;
				CLANG_WARN_OBJC_ROOT_CLASS = YES_ERROR;
				CLANG_WARN_QUOTED_INCLUDE_IN_FRAMEWORK_HEADER = YES;
				CLANG_WARN_RANGE_LOOP_ANALYSIS = YES;
				CLANG_WARN_STRICT_PROTOTYPES = YES;
				CLANG_WARN_SUSPICIOUS_MOVE = YES;
				CLANG_WARN_UNGUARDED_AVAILABILITY = YES_AGGRESSIVE;
				CLANG_WARN_UNREACHABLE_CODE = YES;
				CLANG_WARN__DUPLICATE_METHOD_MATCH = YES;
				COPY_PHASE_STRIP = NO;
				DEBUG_INFORMATION_FORMAT = dwarf;
				ENABLE_STRICT_OBJC_MSGSEND = YES;
				ENABLE_TESTABILITY = YES;
				GCC_C_LANGUAGE_STANDARD = gnu11;
				GCC_DYNAMIC_NO_PIC = NO;
				GCC_NO_COMMON_BLOCKS = YES;
				GCC_OPTIMIZATION_LEVEL = 0;
				GCC_PREPROCESSOR_DEFINITIONS = (
					"DEBUG=1",
					"$(inherited)",
				);
				GCC_WARN_64_TO_32_BIT_CONVERSION = YES;
				GCC_WARN_ABOUT_RETURN_TYPE = YES_ERROR;
				GCC_WARN_UNDECLARED_SELECTOR = YES;
				GCC_WARN_UNINITIALIZED_AUTOS = YES_AGGRESSIVE;
				GCC_WARN_UNUSED_FUNCTION = YES;
				GCC_WARN_UNUSED_VARIABLE = YES;
				IPHONEOS_DEPLOYMENT_TARGET = 14.4;
				MTL_ENABLE_DEBUG_INFO = INCLUDE_SOURCE;
				MTL_FAST_MATH = YES;
				ONLY_ACTIVE_ARCH = YES;
				SDKROOT = iphoneos;
				SWIFT_ACTIVE_COMPILATION_CONDITIONS = DEBUG;
				SWIFT_OPTIMIZATION_LEVEL = "-Onone";
			};
			name = "Debug (dev)";
		};
		3C92CF8D2617018C002B5284 /* Release (dev) */ = {
			isa = XCBuildConfiguration;
			buildSettings = {
				ALWAYS_SEARCH_USER_PATHS = NO;
				CLANG_ANALYZER_LOCALIZABILITY_NONLOCALIZED = YES;
				CLANG_ANALYZER_NONNULL = YES;
				CLANG_ANALYZER_NUMBER_OBJECT_CONVERSION = YES_AGGRESSIVE;
				CLANG_CXX_LANGUAGE_STANDARD = "gnu++14";
				CLANG_CXX_LIBRARY = "libc++";
				CLANG_ENABLE_MODULES = YES;
				CLANG_ENABLE_OBJC_ARC = YES;
				CLANG_ENABLE_OBJC_WEAK = YES;
				CLANG_WARN_BLOCK_CAPTURE_AUTORELEASING = YES;
				CLANG_WARN_BOOL_CONVERSION = YES;
				CLANG_WARN_COMMA = YES;
				CLANG_WARN_CONSTANT_CONVERSION = YES;
				CLANG_WARN_DEPRECATED_OBJC_IMPLEMENTATIONS = YES;
				CLANG_WARN_DIRECT_OBJC_ISA_USAGE = YES_ERROR;
				CLANG_WARN_DOCUMENTATION_COMMENTS = YES;
				CLANG_WARN_EMPTY_BODY = YES;
				CLANG_WARN_ENUM_CONVERSION = YES;
				CLANG_WARN_INFINITE_RECURSION = YES;
				CLANG_WARN_INT_CONVERSION = YES;
				CLANG_WARN_NON_LITERAL_NULL_CONVERSION = YES;
				CLANG_WARN_OBJC_IMPLICIT_RETAIN_SELF = YES;
				CLANG_WARN_OBJC_LITERAL_CONVERSION = YES;
				CLANG_WARN_OBJC_ROOT_CLASS = YES_ERROR;
				CLANG_WARN_QUOTED_INCLUDE_IN_FRAMEWORK_HEADER = YES;
				CLANG_WARN_RANGE_LOOP_ANALYSIS = YES;
				CLANG_WARN_STRICT_PROTOTYPES = YES;
				CLANG_WARN_SUSPICIOUS_MOVE = YES;
				CLANG_WARN_UNGUARDED_AVAILABILITY = YES_AGGRESSIVE;
				CLANG_WARN_UNREACHABLE_CODE = YES;
				CLANG_WARN__DUPLICATE_METHOD_MATCH = YES;
				COPY_PHASE_STRIP = NO;
				DEBUG_INFORMATION_FORMAT = "dwarf-with-dsym";
				ENABLE_NS_ASSERTIONS = NO;
				ENABLE_STRICT_OBJC_MSGSEND = YES;
				GCC_C_LANGUAGE_STANDARD = gnu11;
				GCC_NO_COMMON_BLOCKS = YES;
				GCC_WARN_64_TO_32_BIT_CONVERSION = YES;
				GCC_WARN_ABOUT_RETURN_TYPE = YES_ERROR;
				GCC_WARN_UNDECLARED_SELECTOR = YES;
				GCC_WARN_UNINITIALIZED_AUTOS = YES_AGGRESSIVE;
				GCC_WARN_UNUSED_FUNCTION = YES;
				GCC_WARN_UNUSED_VARIABLE = YES;
				IPHONEOS_DEPLOYMENT_TARGET = 14.4;
				MTL_ENABLE_DEBUG_INFO = NO;
				MTL_FAST_MATH = YES;
				SDKROOT = iphoneos;
				SWIFT_COMPILATION_MODE = wholemodule;
				SWIFT_OPTIMIZATION_LEVEL = "-O";
				VALIDATE_PRODUCT = YES;
			};
			name = "Release (dev)";
		};
		3C92CF8F2617018C002B5284 /* Debug (dev) */ = {
			isa = XCBuildConfiguration;
			baseConfigurationReference = 3CB34623263729F70004CB87 /* Dev.xcconfig */;
			buildSettings = {
				ASSETCATALOG_COMPILER_APPICON_NAME = AppIcon;
				ASSETCATALOG_COMPILER_GLOBAL_ACCENT_COLOR_NAME = AccentColor;
				CODE_SIGN_ENTITLEMENTS = Teststation/Teststation.entitlements;
				CODE_SIGN_STYLE = Automatic;
				DEVELOPMENT_ASSET_PATHS = "\"Teststation/Preview Content\"";
				DEVELOPMENT_TEAM = 4V27BGKSLA;
				ENABLE_PREVIEWS = YES;
				INFOPLIST_FILE = Teststation/Info.plist;
				LD_RUNPATH_SEARCH_PATHS = (
					"$(inherited)",
					"@executable_path/Frameworks",
				);
				MARKETING_VERSION = 210502.0;
				PRODUCT_BUNDLE_IDENTIFIER = de.contagio.Teststation;
				PRODUCT_NAME = "$(TARGET_NAME)";
				SWIFT_VERSION = 5.0;
				TARGETED_DEVICE_FAMILY = "1,2";
			};
			name = "Debug (dev)";
		};
		3C92CF902617018C002B5284 /* Release (dev) */ = {
			isa = XCBuildConfiguration;
			baseConfigurationReference = 3CB34623263729F70004CB87 /* Dev.xcconfig */;
			buildSettings = {
				ASSETCATALOG_COMPILER_APPICON_NAME = AppIcon;
				ASSETCATALOG_COMPILER_GLOBAL_ACCENT_COLOR_NAME = AccentColor;
				CODE_SIGN_ENTITLEMENTS = Teststation/Teststation.entitlements;
				CODE_SIGN_STYLE = Automatic;
				DEVELOPMENT_ASSET_PATHS = "\"Teststation/Preview Content\"";
				DEVELOPMENT_TEAM = 4V27BGKSLA;
				ENABLE_PREVIEWS = YES;
				INFOPLIST_FILE = Teststation/Info.plist;
				LD_RUNPATH_SEARCH_PATHS = (
					"$(inherited)",
					"@executable_path/Frameworks",
				);
				MARKETING_VERSION = 210502.0;
				PRODUCT_BUNDLE_IDENTIFIER = de.contagio.Teststation;
				PRODUCT_NAME = "$(TARGET_NAME)";
				SWIFT_VERSION = 5.0;
				TARGETED_DEVICE_FAMILY = "1,2";
			};
			name = "Release (dev)";
		};
		3C92CF922617018C002B5284 /* Debug (dev) */ = {
			isa = XCBuildConfiguration;
			buildSettings = {
				ALWAYS_EMBED_SWIFT_STANDARD_LIBRARIES = YES;
				BUNDLE_LOADER = "$(TEST_HOST)";
				CODE_SIGN_STYLE = Automatic;
				DEVELOPMENT_TEAM = 4V27BGKSLA;
				INFOPLIST_FILE = TeststationTests/Info.plist;
				IPHONEOS_DEPLOYMENT_TARGET = 14.4;
				LD_RUNPATH_SEARCH_PATHS = (
					"$(inherited)",
					"@executable_path/Frameworks",
					"@loader_path/Frameworks",
				);
				PRODUCT_BUNDLE_IDENTIFIER = de.contagio.TeststationTests;
				PRODUCT_NAME = "$(TARGET_NAME)";
				SWIFT_VERSION = 5.0;
				TARGETED_DEVICE_FAMILY = "1,2";
				TEST_HOST = "$(BUILT_PRODUCTS_DIR)/Teststation.app/Teststation";
			};
			name = "Debug (dev)";
		};
		3C92CF932617018C002B5284 /* Release (dev) */ = {
			isa = XCBuildConfiguration;
			buildSettings = {
				ALWAYS_EMBED_SWIFT_STANDARD_LIBRARIES = YES;
				BUNDLE_LOADER = "$(TEST_HOST)";
				CODE_SIGN_STYLE = Automatic;
				DEVELOPMENT_TEAM = 4V27BGKSLA;
				INFOPLIST_FILE = TeststationTests/Info.plist;
				IPHONEOS_DEPLOYMENT_TARGET = 14.4;
				LD_RUNPATH_SEARCH_PATHS = (
					"$(inherited)",
					"@executable_path/Frameworks",
					"@loader_path/Frameworks",
				);
				PRODUCT_BUNDLE_IDENTIFIER = de.contagio.TeststationTests;
				PRODUCT_NAME = "$(TARGET_NAME)";
				SWIFT_VERSION = 5.0;
				TARGETED_DEVICE_FAMILY = "1,2";
				TEST_HOST = "$(BUILT_PRODUCTS_DIR)/Teststation.app/Teststation";
			};
			name = "Release (dev)";
		};
		3C92CF952617018C002B5284 /* Debug (dev) */ = {
			isa = XCBuildConfiguration;
			buildSettings = {
				ALWAYS_EMBED_SWIFT_STANDARD_LIBRARIES = YES;
				CODE_SIGN_STYLE = Automatic;
				DEVELOPMENT_TEAM = 4V27BGKSLA;
				INFOPLIST_FILE = TeststationUITests/Info.plist;
				LD_RUNPATH_SEARCH_PATHS = (
					"$(inherited)",
					"@executable_path/Frameworks",
					"@loader_path/Frameworks",
				);
				PRODUCT_BUNDLE_IDENTIFIER = de.contagio.TeststationUITests;
				PRODUCT_NAME = "$(TARGET_NAME)";
				SWIFT_VERSION = 5.0;
				TARGETED_DEVICE_FAMILY = "1,2";
				TEST_TARGET_NAME = Teststation;
			};
			name = "Debug (dev)";
		};
		3C92CF962617018C002B5284 /* Release (dev) */ = {
			isa = XCBuildConfiguration;
			buildSettings = {
				ALWAYS_EMBED_SWIFT_STANDARD_LIBRARIES = YES;
				CODE_SIGN_STYLE = Automatic;
				DEVELOPMENT_TEAM = 4V27BGKSLA;
				INFOPLIST_FILE = TeststationUITests/Info.plist;
				LD_RUNPATH_SEARCH_PATHS = (
					"$(inherited)",
					"@executable_path/Frameworks",
					"@loader_path/Frameworks",
				);
				PRODUCT_BUNDLE_IDENTIFIER = de.contagio.TeststationUITests;
				PRODUCT_NAME = "$(TARGET_NAME)";
				SWIFT_VERSION = 5.0;
				TARGETED_DEVICE_FAMILY = "1,2";
				TEST_TARGET_NAME = Teststation;
			};
			name = "Release (dev)";
		};
		3CB3461B263729D00004CB87 /* Debug (stage) */ = {
			isa = XCBuildConfiguration;
			buildSettings = {
				ALWAYS_SEARCH_USER_PATHS = NO;
				CLANG_ANALYZER_LOCALIZABILITY_NONLOCALIZED = YES;
				CLANG_ANALYZER_NONNULL = YES;
				CLANG_ANALYZER_NUMBER_OBJECT_CONVERSION = YES_AGGRESSIVE;
				CLANG_CXX_LANGUAGE_STANDARD = "gnu++14";
				CLANG_CXX_LIBRARY = "libc++";
				CLANG_ENABLE_MODULES = YES;
				CLANG_ENABLE_OBJC_ARC = YES;
				CLANG_ENABLE_OBJC_WEAK = YES;
				CLANG_WARN_BLOCK_CAPTURE_AUTORELEASING = YES;
				CLANG_WARN_BOOL_CONVERSION = YES;
				CLANG_WARN_COMMA = YES;
				CLANG_WARN_CONSTANT_CONVERSION = YES;
				CLANG_WARN_DEPRECATED_OBJC_IMPLEMENTATIONS = YES;
				CLANG_WARN_DIRECT_OBJC_ISA_USAGE = YES_ERROR;
				CLANG_WARN_DOCUMENTATION_COMMENTS = YES;
				CLANG_WARN_EMPTY_BODY = YES;
				CLANG_WARN_ENUM_CONVERSION = YES;
				CLANG_WARN_INFINITE_RECURSION = YES;
				CLANG_WARN_INT_CONVERSION = YES;
				CLANG_WARN_NON_LITERAL_NULL_CONVERSION = YES;
				CLANG_WARN_OBJC_IMPLICIT_RETAIN_SELF = YES;
				CLANG_WARN_OBJC_LITERAL_CONVERSION = YES;
				CLANG_WARN_OBJC_ROOT_CLASS = YES_ERROR;
				CLANG_WARN_QUOTED_INCLUDE_IN_FRAMEWORK_HEADER = YES;
				CLANG_WARN_RANGE_LOOP_ANALYSIS = YES;
				CLANG_WARN_STRICT_PROTOTYPES = YES;
				CLANG_WARN_SUSPICIOUS_MOVE = YES;
				CLANG_WARN_UNGUARDED_AVAILABILITY = YES_AGGRESSIVE;
				CLANG_WARN_UNREACHABLE_CODE = YES;
				CLANG_WARN__DUPLICATE_METHOD_MATCH = YES;
				COPY_PHASE_STRIP = NO;
				DEBUG_INFORMATION_FORMAT = dwarf;
				ENABLE_STRICT_OBJC_MSGSEND = YES;
				ENABLE_TESTABILITY = YES;
				GCC_C_LANGUAGE_STANDARD = gnu11;
				GCC_DYNAMIC_NO_PIC = NO;
				GCC_NO_COMMON_BLOCKS = YES;
				GCC_OPTIMIZATION_LEVEL = 0;
				GCC_PREPROCESSOR_DEFINITIONS = (
					"DEBUG=1",
					"$(inherited)",
				);
				GCC_WARN_64_TO_32_BIT_CONVERSION = YES;
				GCC_WARN_ABOUT_RETURN_TYPE = YES_ERROR;
				GCC_WARN_UNDECLARED_SELECTOR = YES;
				GCC_WARN_UNINITIALIZED_AUTOS = YES_AGGRESSIVE;
				GCC_WARN_UNUSED_FUNCTION = YES;
				GCC_WARN_UNUSED_VARIABLE = YES;
				IPHONEOS_DEPLOYMENT_TARGET = 14.4;
				MTL_ENABLE_DEBUG_INFO = INCLUDE_SOURCE;
				MTL_FAST_MATH = YES;
				ONLY_ACTIVE_ARCH = YES;
				SDKROOT = iphoneos;
				SWIFT_ACTIVE_COMPILATION_CONDITIONS = DEBUG;
				SWIFT_OPTIMIZATION_LEVEL = "-Onone";
			};
			name = "Debug (stage)";
		};
		3CB3461C263729D00004CB87 /* Debug (stage) */ = {
			isa = XCBuildConfiguration;
			baseConfigurationReference = 3CB3462426372A4B0004CB87 /* Stage.xcconfig */;
			buildSettings = {
				ASSETCATALOG_COMPILER_APPICON_NAME = AppIcon;
				ASSETCATALOG_COMPILER_GLOBAL_ACCENT_COLOR_NAME = AccentColor;
				CODE_SIGN_ENTITLEMENTS = Teststation/Teststation.entitlements;
				CODE_SIGN_STYLE = Automatic;
				DEVELOPMENT_ASSET_PATHS = "\"Teststation/Preview Content\"";
				DEVELOPMENT_TEAM = 4V27BGKSLA;
				ENABLE_PREVIEWS = YES;
				INFOPLIST_FILE = Teststation/Info.plist;
				LD_RUNPATH_SEARCH_PATHS = (
					"$(inherited)",
					"@executable_path/Frameworks",
				);
				MARKETING_VERSION = 210502.0;
				PRODUCT_BUNDLE_IDENTIFIER = de.contagio.Teststation;
				PRODUCT_NAME = "$(TARGET_NAME)";
				SWIFT_VERSION = 5.0;
				TARGETED_DEVICE_FAMILY = "1,2";
			};
			name = "Debug (stage)";
		};
		3CB3461D263729D00004CB87 /* Debug (stage) */ = {
			isa = XCBuildConfiguration;
			buildSettings = {
				ALWAYS_EMBED_SWIFT_STANDARD_LIBRARIES = YES;
				BUNDLE_LOADER = "$(TEST_HOST)";
				CODE_SIGN_STYLE = Automatic;
				DEVELOPMENT_TEAM = 4V27BGKSLA;
				INFOPLIST_FILE = TeststationTests/Info.plist;
				IPHONEOS_DEPLOYMENT_TARGET = 14.4;
				LD_RUNPATH_SEARCH_PATHS = (
					"$(inherited)",
					"@executable_path/Frameworks",
					"@loader_path/Frameworks",
				);
				PRODUCT_BUNDLE_IDENTIFIER = de.contagio.TeststationTests;
				PRODUCT_NAME = "$(TARGET_NAME)";
				SWIFT_VERSION = 5.0;
				TARGETED_DEVICE_FAMILY = "1,2";
				TEST_HOST = "$(BUILT_PRODUCTS_DIR)/Teststation.app/Teststation";
			};
			name = "Debug (stage)";
		};
		3CB3461E263729D00004CB87 /* Debug (stage) */ = {
			isa = XCBuildConfiguration;
			buildSettings = {
				ALWAYS_EMBED_SWIFT_STANDARD_LIBRARIES = YES;
				CODE_SIGN_STYLE = Automatic;
				DEVELOPMENT_TEAM = 4V27BGKSLA;
				INFOPLIST_FILE = TeststationUITests/Info.plist;
				LD_RUNPATH_SEARCH_PATHS = (
					"$(inherited)",
					"@executable_path/Frameworks",
					"@loader_path/Frameworks",
				);
				PRODUCT_BUNDLE_IDENTIFIER = de.contagio.TeststationUITests;
				PRODUCT_NAME = "$(TARGET_NAME)";
				SWIFT_VERSION = 5.0;
				TARGETED_DEVICE_FAMILY = "1,2";
				TEST_TARGET_NAME = Teststation;
			};
			name = "Debug (stage)";
		};
		3CB3461F263729D40004CB87 /* Release (stage) */ = {
			isa = XCBuildConfiguration;
			buildSettings = {
				ALWAYS_SEARCH_USER_PATHS = NO;
				CLANG_ANALYZER_LOCALIZABILITY_NONLOCALIZED = YES;
				CLANG_ANALYZER_NONNULL = YES;
				CLANG_ANALYZER_NUMBER_OBJECT_CONVERSION = YES_AGGRESSIVE;
				CLANG_CXX_LANGUAGE_STANDARD = "gnu++14";
				CLANG_CXX_LIBRARY = "libc++";
				CLANG_ENABLE_MODULES = YES;
				CLANG_ENABLE_OBJC_ARC = YES;
				CLANG_ENABLE_OBJC_WEAK = YES;
				CLANG_WARN_BLOCK_CAPTURE_AUTORELEASING = YES;
				CLANG_WARN_BOOL_CONVERSION = YES;
				CLANG_WARN_COMMA = YES;
				CLANG_WARN_CONSTANT_CONVERSION = YES;
				CLANG_WARN_DEPRECATED_OBJC_IMPLEMENTATIONS = YES;
				CLANG_WARN_DIRECT_OBJC_ISA_USAGE = YES_ERROR;
				CLANG_WARN_DOCUMENTATION_COMMENTS = YES;
				CLANG_WARN_EMPTY_BODY = YES;
				CLANG_WARN_ENUM_CONVERSION = YES;
				CLANG_WARN_INFINITE_RECURSION = YES;
				CLANG_WARN_INT_CONVERSION = YES;
				CLANG_WARN_NON_LITERAL_NULL_CONVERSION = YES;
				CLANG_WARN_OBJC_IMPLICIT_RETAIN_SELF = YES;
				CLANG_WARN_OBJC_LITERAL_CONVERSION = YES;
				CLANG_WARN_OBJC_ROOT_CLASS = YES_ERROR;
				CLANG_WARN_QUOTED_INCLUDE_IN_FRAMEWORK_HEADER = YES;
				CLANG_WARN_RANGE_LOOP_ANALYSIS = YES;
				CLANG_WARN_STRICT_PROTOTYPES = YES;
				CLANG_WARN_SUSPICIOUS_MOVE = YES;
				CLANG_WARN_UNGUARDED_AVAILABILITY = YES_AGGRESSIVE;
				CLANG_WARN_UNREACHABLE_CODE = YES;
				CLANG_WARN__DUPLICATE_METHOD_MATCH = YES;
				COPY_PHASE_STRIP = NO;
				DEBUG_INFORMATION_FORMAT = "dwarf-with-dsym";
				ENABLE_NS_ASSERTIONS = NO;
				ENABLE_STRICT_OBJC_MSGSEND = YES;
				GCC_C_LANGUAGE_STANDARD = gnu11;
				GCC_NO_COMMON_BLOCKS = YES;
				GCC_WARN_64_TO_32_BIT_CONVERSION = YES;
				GCC_WARN_ABOUT_RETURN_TYPE = YES_ERROR;
				GCC_WARN_UNDECLARED_SELECTOR = YES;
				GCC_WARN_UNINITIALIZED_AUTOS = YES_AGGRESSIVE;
				GCC_WARN_UNUSED_FUNCTION = YES;
				GCC_WARN_UNUSED_VARIABLE = YES;
				IPHONEOS_DEPLOYMENT_TARGET = 14.4;
				MTL_ENABLE_DEBUG_INFO = NO;
				MTL_FAST_MATH = YES;
				SDKROOT = iphoneos;
				SWIFT_COMPILATION_MODE = wholemodule;
				SWIFT_OPTIMIZATION_LEVEL = "-O";
				VALIDATE_PRODUCT = YES;
			};
			name = "Release (stage)";
		};
		3CB34620263729D40004CB87 /* Release (stage) */ = {
			isa = XCBuildConfiguration;
			baseConfigurationReference = 3CB3462426372A4B0004CB87 /* Stage.xcconfig */;
			buildSettings = {
				ASSETCATALOG_COMPILER_APPICON_NAME = AppIcon;
				ASSETCATALOG_COMPILER_GLOBAL_ACCENT_COLOR_NAME = AccentColor;
				CODE_SIGN_ENTITLEMENTS = Teststation/Teststation.entitlements;
				CODE_SIGN_STYLE = Automatic;
				DEVELOPMENT_ASSET_PATHS = "\"Teststation/Preview Content\"";
				DEVELOPMENT_TEAM = 4V27BGKSLA;
				ENABLE_PREVIEWS = YES;
				INFOPLIST_FILE = Teststation/Info.plist;
				LD_RUNPATH_SEARCH_PATHS = (
					"$(inherited)",
					"@executable_path/Frameworks",
				);
				MARKETING_VERSION = 210502.0;
				PRODUCT_BUNDLE_IDENTIFIER = de.contagio.Teststation;
				PRODUCT_NAME = "$(TARGET_NAME)";
				SWIFT_VERSION = 5.0;
				TARGETED_DEVICE_FAMILY = "1,2";
			};
			name = "Release (stage)";
		};
		3CB34621263729D40004CB87 /* Release (stage) */ = {
			isa = XCBuildConfiguration;
			buildSettings = {
				ALWAYS_EMBED_SWIFT_STANDARD_LIBRARIES = YES;
				BUNDLE_LOADER = "$(TEST_HOST)";
				CODE_SIGN_STYLE = Automatic;
				DEVELOPMENT_TEAM = 4V27BGKSLA;
				INFOPLIST_FILE = TeststationTests/Info.plist;
				IPHONEOS_DEPLOYMENT_TARGET = 14.4;
				LD_RUNPATH_SEARCH_PATHS = (
					"$(inherited)",
					"@executable_path/Frameworks",
					"@loader_path/Frameworks",
				);
				PRODUCT_BUNDLE_IDENTIFIER = de.contagio.TeststationTests;
				PRODUCT_NAME = "$(TARGET_NAME)";
				SWIFT_VERSION = 5.0;
				TARGETED_DEVICE_FAMILY = "1,2";
				TEST_HOST = "$(BUILT_PRODUCTS_DIR)/Teststation.app/Teststation";
			};
			name = "Release (stage)";
		};
		3CB34622263729D40004CB87 /* Release (stage) */ = {
			isa = XCBuildConfiguration;
			buildSettings = {
				ALWAYS_EMBED_SWIFT_STANDARD_LIBRARIES = YES;
				CODE_SIGN_STYLE = Automatic;
				DEVELOPMENT_TEAM = 4V27BGKSLA;
				INFOPLIST_FILE = TeststationUITests/Info.plist;
				LD_RUNPATH_SEARCH_PATHS = (
					"$(inherited)",
					"@executable_path/Frameworks",
					"@loader_path/Frameworks",
				);
				PRODUCT_BUNDLE_IDENTIFIER = de.contagio.TeststationUITests;
				PRODUCT_NAME = "$(TARGET_NAME)";
				SWIFT_VERSION = 5.0;
				TARGETED_DEVICE_FAMILY = "1,2";
				TEST_TARGET_NAME = Teststation;
			};
			name = "Release (stage)";
		};
/* End XCBuildConfiguration section */

/* Begin XCConfigurationList section */
		3C92CF5C2617018B002B5284 /* Build configuration list for PBXProject "Teststation" */ = {
			isa = XCConfigurationList;
			buildConfigurations = (
				3C92CF8C2617018C002B5284 /* Debug (dev) */,
				3CB3461B263729D00004CB87 /* Debug (stage) */,
				3C92CF8D2617018C002B5284 /* Release (dev) */,
				3CB3461F263729D40004CB87 /* Release (stage) */,
			);
			defaultConfigurationIsVisible = 0;
			defaultConfigurationName = "Release (stage)";
		};
		3C92CF8E2617018C002B5284 /* Build configuration list for PBXNativeTarget "Teststation" */ = {
			isa = XCConfigurationList;
			buildConfigurations = (
				3C92CF8F2617018C002B5284 /* Debug (dev) */,
				3CB3461C263729D00004CB87 /* Debug (stage) */,
				3C92CF902617018C002B5284 /* Release (dev) */,
				3CB34620263729D40004CB87 /* Release (stage) */,
			);
			defaultConfigurationIsVisible = 0;
			defaultConfigurationName = "Release (stage)";
		};
		3C92CF912617018C002B5284 /* Build configuration list for PBXNativeTarget "TeststationTests" */ = {
			isa = XCConfigurationList;
			buildConfigurations = (
				3C92CF922617018C002B5284 /* Debug (dev) */,
				3CB3461D263729D00004CB87 /* Debug (stage) */,
				3C92CF932617018C002B5284 /* Release (dev) */,
				3CB34621263729D40004CB87 /* Release (stage) */,
			);
			defaultConfigurationIsVisible = 0;
			defaultConfigurationName = "Release (stage)";
		};
		3C92CF942617018C002B5284 /* Build configuration list for PBXNativeTarget "TeststationUITests" */ = {
			isa = XCConfigurationList;
			buildConfigurations = (
				3C92CF952617018C002B5284 /* Debug (dev) */,
				3CB3461E263729D00004CB87 /* Debug (stage) */,
				3C92CF962617018C002B5284 /* Release (dev) */,
				3CB34622263729D40004CB87 /* Release (stage) */,
			);
			defaultConfigurationIsVisible = 0;
			defaultConfigurationName = "Release (stage)";
		};
/* End XCConfigurationList section */

/* Begin XCVersionGroup section */
		3C92CF6A2617018B002B5284 /* Teststation.xcdatamodeld */ = {
			isa = XCVersionGroup;
			children = (
				3C92CF6B2617018B002B5284 /* Teststation.xcdatamodel */,
			);
			currentVersion = 3C92CF6B2617018B002B5284 /* Teststation.xcdatamodel */;
			path = Teststation.xcdatamodeld;
			sourceTree = "<group>";
			versionGroupType = wrapper.xcdatamodel;
		};
/* End XCVersionGroup section */
	};
	rootObject = 3C92CF592617018B002B5284 /* Project object */;
}
